
Microsoft Visual Studio Solution File, Format Version 12.00
# Visual Studio Version 17
VisualStudioVersion = 17.9.34714.143
MinimumVisualStudioVersion = 10.0.40219.1
Project("{9A19103F-16F7-4668-BE54-9A1E7A4F7556}") = "homework_2", "homework_2\homework_2.csproj", "{E61AF5E4-0DF7-4037-841A-1F15FDA2B32A}"
EndProject
Global
	GlobalSection(SolutionConfigurationPlatforms) = preSolution
		Debug|Any CPU = Debug|Any CPU
		Release|Any CPU = Release|Any CPU
	EndGlobalSection
	GlobalSection(ProjectConfigurationPlatforms) = postSolution
		{E61AF5E4-0DF7-4037-841A-1F15FDA2B32A}.Debug|Any CPU.ActiveCfg = Debug|Any CPU
		{E61AF5E4-0DF7-4037-841A-1F15FDA2B32A}.Debug|Any CPU.Build.0 = Debug|Any CPU
		{E61AF5E4-0DF7-4037-841A-1F15FDA2B32A}.Release|Any CPU.ActiveCfg = Release|Any CPU
		{E61AF5E4-0DF7-4037-841A-1F15FDA2B32A}.Release|Any CPU.Build.0 = Release|Any CPU
	EndGlobalSection
	GlobalSection(SolutionProperties) = preSolution
		HideSolutionNode = FALSE
	EndGlobalSection
	GlobalSection(ExtensibilityGlobals) = postSolution
		SolutionGuid = {33D65CFE-CDB9-4DFB-923F-0A336C43CFEF}
	EndGlobalSection
EndGlobal
